# THIS IS AN AUTOGENERATED FILE. DO NOT EDIT THIS FILE DIRECTLY.
# yarn lockfile v1


"@types/p5@^0.7.2":
  version "0.7.2"
  resolved "https://registry.yarnpkg.com/@types/p5/-/p5-0.7.2.tgz#783601010d66a2039a7e40ec5388737611c0c85f"
  integrity sha512-RZP5vE2HoPYP3TOCNpAK883z/0wNAgZ2svuk8o5eZ3aEREm2qaYYQW/w0373CjcmtEtYdGaeLqOgU7AaozGnNA==
